
Microsoft Visual Studio Solution File, Format Version 12.00
# Visual Studio Version 16
VisualStudioVersion = 16.0.31911.196
MinimumVisualStudioVersion = 10.0.40219.1
Project("{FAE04EC0-301F-11D3-BF4B-00C04F79EFBC}") = "PopupsTutorial.Android", "PopupsTutorial\PopupsTutorial.Android\PopupsTutorial.Android.csproj", "{32B9307A-0C9F-4DCF-934E-6B3D657D38B6}"
EndProject
Project("{FAE04EC0-301F-11D3-BF4B-00C04F79EFBC}") = "PopupsTutorial.iOS", "PopupsTutorial\PopupsTutorial.iOS\PopupsTutorial.iOS.csproj", "{F5F04347-1179-4421-9DC8-0385358CA412}"
EndProject
Project("{FAE04EC0-301F-11D3-BF4B-00C04F79EFBC}") = "PopupsTutorial", "PopupsTutorial\PopupsTutorial\PopupsTutorial.csproj", "{FCE38C07-D3C1-48DA-B4D5-4DA14D6D1A14}"
EndProject
Global
	GlobalSection(SolutionConfigurationPlatforms) = preSolution
		Debug|Any CPU = Debug|Any CPU
		Debug|iPhone = Debug|iPhone
		Debug|iPhoneSimulator = Debug|iPhoneSimulator
		Release|Any CPU = Release|Any CPU
		Release|iPhone = Release|iPhone
		Release|iPhoneSimulator = Release|iPhoneSimulator
	EndGlobalSection
	GlobalSection(ProjectConfigurationPlatforms) = postSolution
		{32B9307A-0C9F-4DCF-934E-6B3D657D38B6}.Debug|Any CPU.ActiveCfg = Debug|Any CPU
		{32B9307A-0C9F-4DCF-934E-6B3D657D38B6}.Debug|Any CPU.Build.0 = Debug|Any CPU
		{32B9307A-0C9F-4DCF-934E-6B3D657D38B6}.Debug|Any CPU.Deploy.0 = Debug|Any CPU
		{32B9307A-0C9F-4DCF-934E-6B3D657D38B6}.Debug|iPhone.ActiveCfg = Debug|Any CPU
		{32B9307A-0C9F-4DCF-934E-6B3D657D38B6}.Debug|iPhone.Build.0 = Debug|Any CPU
		{32B9307A-0C9F-4DCF-934E-6B3D657D38B6}.Debug|iPhone.Deploy.0 = Debug|Any CPU
		{32B9307A-0C9F-4DCF-934E-6B3D657D38B6}.Debug|iPhoneSimulator.ActiveCfg = Debug|Any CPU
		{32B9307A-0C9F-4DCF-934E-6B3D657D38B6}.Debug|iPhoneSimulator.Build.0 = Debug|Any CPU
		{32B9307A-0C9F-4DCF-934E-6B3D657D38B6}.Debug|iPhoneSimulator.Deploy.0 = Debug|Any CPU
		{32B9307A-0C9F-4DCF-934E-6B3D657D38B6}.Release|Any CPU.ActiveCfg = Release|Any CPU
		{32B9307A-0C9F-4DCF-934E-6B3D657D38B6}.Release|Any CPU.Build.0 = Release|Any CPU
		{32B9307A-0C9F-4DCF-934E-6B3D657D38B6}.Release|Any CPU.Deploy.0 = Release|Any CPU
		{32B9307A-0C9F-4DCF-934E-6B3D657D38B6}.Release|iPhone.ActiveCfg = Release|Any CPU
		{32B9307A-0C9F-4DCF-934E-6B3D657D38B6}.Release|iPhone.Build.0 = Release|Any CPU
		{32B9307A-0C9F-4DCF-934E-6B3D657D38B6}.Release|iPhone.Deploy.0 = Release|Any CPU
		{32B9307A-0C9F-4DCF-934E-6B3D657D38B6}.Release|iPhoneSimulator.ActiveCfg = Release|Any CPU
		{32B9307A-0C9F-4DCF-934E-6B3D657D38B6}.Release|iPhoneSimulator.Build.0 = Release|Any CPU
		{32B9307A-0C9F-4DCF-934E-6B3D657D38B6}.Release|iPhoneSimulator.Deploy.0 = Release|Any CPU
		{F5F04347-1179-4421-9DC8-0385358CA412}.Debug|Any CPU.ActiveCfg = Debug|iPhone
		{F5F04347-1179-4421-9DC8-0385358CA412}.Debug|Any CPU.Build.0 = Debug|iPhone
		{F5F04347-1179-4421-9DC8-0385358CA412}.Debug|Any CPU.Deploy.0 = Debug|iPhone
		{F5F04347-1179-4421-9DC8-0385358CA412}.Debug|iPhone.ActiveCfg = Debug|iPhone
		{F5F04347-1179-4421-9DC8-0385358CA412}.Debug|iPhone.Build.0 = Debug|iPhone
		{F5F04347-1179-4421-9DC8-0385358CA412}.Debug|iPhone.Deploy.0 = Debug|iPhone
		{F5F04347-1179-4421-9DC8-0385358CA412}.Debug|iPhoneSimulator.ActiveCfg = Debug|iPhoneSimulator
		{F5F04347-1179-4421-9DC8-0385358CA412}.Debug|iPhoneSimulator.Build.0 = Debug|iPhoneSimulator
		{F5F04347-1179-4421-9DC8-0385358CA412}.Debug|iPhoneSimulator.Deploy.0 = Debug|iPhoneSimulator
		{F5F04347-1179-4421-9DC8-0385358CA412}.Release|Any CPU.ActiveCfg = Release|iPhoneSimulator
		{F5F04347-1179-4421-9DC8-0385358CA412}.Release|Any CPU.Build.0 = Release|iPhoneSimulator
		{F5F04347-1179-4421-9DC8-0385358CA412}.Release|Any CPU.Deploy.0 = Release|iPhoneSimulator
		{F5F04347-1179-4421-9DC8-0385358CA412}.Release|iPhone.ActiveCfg = Release|iPhone
		{F5F04347-1179-4421-9DC8-0385358CA412}.Release|iPhone.Build.0 = Release|iPhone
		{F5F04347-1179-4421-9DC8-0385358CA412}.Release|iPhone.Deploy.0 = Release|iPhone
		{F5F04347-1179-4421-9DC8-0385358CA412}.Release|iPhoneSimulator.ActiveCfg = Release|iPhoneSimulator
		{F5F04347-1179-4421-9DC8-0385358CA412}.Release|iPhoneSimulator.Build.0 = Release|iPhoneSimulator
		{F5F04347-1179-4421-9DC8-0385358CA412}.Release|iPhoneSimulator.Deploy.0 = Release|iPhoneSimulator
		{FCE38C07-D3C1-48DA-B4D5-4DA14D6D1A14}.Debug|Any CPU.ActiveCfg = Debug|Any CPU
		{FCE38C07-D3C1-48DA-B4D5-4DA14D6D1A14}.Debug|Any CPU.Build.0 = Debug|Any CPU
		{FCE38C07-D3C1-48DA-B4D5-4DA14D6D1A14}.Debug|Any CPU.Deploy.0 = Debug|Any CPU
		{FCE38C07-D3C1-48DA-B4D5-4DA14D6D1A14}.Debug|iPhone.ActiveCfg = Debug|Any CPU
		{FCE38C07-D3C1-48DA-B4D5-4DA14D6D1A14}.Debug|iPhone.Build.0 = Debug|Any CPU
		{FCE38C07-D3C1-48DA-B4D5-4DA14D6D1A14}.Debug|iPhone.Deploy.0 = Debug|Any CPU
		{FCE38C07-D3C1-48DA-B4D5-4DA14D6D1A14}.Debug|iPhoneSimulator.ActiveCfg = Debug|Any CPU
		{FCE38C07-D3C1-48DA-B4D5-4DA14D6D1A14}.Debug|iPhoneSimulator.Build.0 = Debug|Any CPU
		{FCE38C07-D3C1-48DA-B4D5-4DA14D6D1A14}.Debug|iPhoneSimulator.Deploy.0 = Debug|Any CPU
		{FCE38C07-D3C1-48DA-B4D5-4DA14D6D1A14}.Release|Any CPU.ActiveCfg = Release|Any CPU
		{FCE38C07-D3C1-48DA-B4D5-4DA14D6D1A14}.Release|Any CPU.Build.0 = Release|Any CPU
		{FCE38C07-D3C1-48DA-B4D5-4DA14D6D1A14}.Release|Any CPU.Deploy.0 = Release|Any CPU
		{FCE38C07-D3C1-48DA-B4D5-4DA14D6D1A14}.Release|iPhone.ActiveCfg = Release|Any CPU
		{FCE38C07-D3C1-48DA-B4D5-4DA14D6D1A14}.Release|iPhone.Build.0 = Release|Any CPU
		{FCE38C07-D3C1-48DA-B4D5-4DA14D6D1A14}.Release|iPhone.Deploy.0 = Release|Any CPU
		{FCE38C07-D3C1-48DA-B4D5-4DA14D6D1A14}.Release|iPhoneSimulator.ActiveCfg = Release|Any CPU
		{FCE38C07-D3C1-48DA-B4D5-4DA14D6D1A14}.Release|iPhoneSimulator.Build.0 = Release|Any CPU
		{FCE38C07-D3C1-48DA-B4D5-4DA14D6D1A14}.Release|iPhoneSimulator.Deploy.0 = Release|Any CPU
	EndGlobalSection
	GlobalSection(SolutionProperties) = preSolution
		HideSolutionNode = FALSE
	EndGlobalSection
	GlobalSection(ExtensibilityGlobals) = postSolution
		SolutionGuid = {3A820B07-119C-4D93-86A0-5679512424CC}
	EndGlobalSection
EndGlobal
